{
  "lockfile_version": "1",
  "packages": {
    "github:NixOS/nixpkgs/nixpkgs-unstable": {
      "last_modified": "2026-03-02T02:42:23Z",
      "resolved": "github:NixOS/nixpkgs/93178f6a00c22fcdee1c6f5f9ab92f2072072ea9?lastModified=1772419343&narHash=sha256-QU3Cd5DJH7dHyMnGEFfPcZDaCAsJQ6tUD%2BJuUsYqnKU%3D"
    },
    "uv": {
      "resolved": "github:NixOS/nixpkgs/93178f6a00c22fcdee1c6f5f9ab92f2072072ea9?narHash=sha256-QU3Cd5DJH7dHyMnGEFfPcZDaCAsJQ6tUD%2BJuUsYqnKU%3D#uv",
      "source": "nixpkg"
    }
  }
}
